
Microsoft Visual Studio Solution File, Format Version 12.00
# Visual Studio Version 17
VisualStudioVersion = 17.0.31903.59
MinimumVisualStudioVersion = 10.0.40219.1
Project("{2150E333-8FDC-42A3-9474-1A3956D46DE8}") = "src", "src", "{480234DE-BD69-465E-A401-5A0F2EFA7896}"
EndProject
Project("{FAE04EC0-301F-11D3-BF4B-00C04F79EFBC}") = "ECP.Core", "src\ECP.Core\ECP.Core.csproj", "{EC0E3EDE-8846-47D0-8B39-35775C93A60C}"
EndProject
Project("{FAE04EC0-301F-11D3-BF4B-00C04F79EFBC}") = "ECP.Cascade", "src\ECP.Cascade\ECP.Cascade.csproj", "{32209963-0C7A-4EA9-B34D-17735B0898DE}"
EndProject
Project("{FAE04EC0-301F-11D3-BF4B-00C04F79EFBC}") = "ECP.Registry", "src\ECP.Registry\ECP.Registry.csproj", "{86C5EBC7-805D-420A-9AD3-C3F00DCA3C37}"
EndProject
Project("{FAE04EC0-301F-11D3-BF4B-00C04F79EFBC}") = "ECP.Standard", "src\ECP.Standard\ECP.Standard.csproj", "{A9A9C3DB-5E1C-4B4B-9CEF-82A184FC6B4A}"
EndProject
Project("{FAE04EC0-301F-11D3-BF4B-00C04F79EFBC}") = "ECP.Compatibility", "src\ECP.Compatibility\ECP.Compatibility.csproj", "{BF4BBAA6-1047-4DB4-A399-9EC624FB0D30}"
EndProject
Project("{FAE04EC0-301F-11D3-BF4B-00C04F79EFBC}") = "ECP.DependencyInjection", "src\ECP.DependencyInjection\ECP.DependencyInjection.csproj", "{494B9EEF-6BFE-4C5E-86B0-51294EF1872F}"
EndProject
Project("{FAE04EC0-301F-11D3-BF4B-00C04F79EFBC}") = "ECP.Transport.Abstractions", "src\ECP.Transport.Abstractions\ECP.Transport.Abstractions.csproj", "{3BFCAF04-DB8D-4685-A2E0-629A26A3333F}"
EndProject
Project("{FAE04EC0-301F-11D3-BF4B-00C04F79EFBC}") = "ECP.Transport.WebSocket", "src\ECP.Transport.WebSocket\ECP.Transport.WebSocket.csproj", "{CD780F2B-51EB-4EC9-9FEF-A855471D91E1}"
EndProject
Project("{FAE04EC0-301F-11D3-BF4B-00C04F79EFBC}") = "ECP.Transport.SignalR", "src\ECP.Transport.SignalR\ECP.Transport.SignalR.csproj", "{C9C0B90F-AE8C-4D0E-914A-7EBFBC9A2EB9}"
EndProject
Project("{2150E333-8FDC-42A3-9474-1A3956D46DE8}") = "tests", "tests", "{464216EC-4FCA-4988-B427-9C468D857C17}"
EndProject
Project("{FAE04EC0-301F-11D3-BF4B-00C04F79EFBC}") = "ECP.Core.Tests", "tests\ECP.Core.Tests\ECP.Core.Tests.csproj", "{AC87B294-9A14-472C-AE1F-2B92667675E7}"
EndProject
Project("{FAE04EC0-301F-11D3-BF4B-00C04F79EFBC}") = "ECP.Cascade.Tests", "tests\ECP.Cascade.Tests\ECP.Cascade.Tests.csproj", "{71884B63-D1B3-42C4-A719-C4F030DCD680}"
EndProject
Project("{FAE04EC0-301F-11D3-BF4B-00C04F79EFBC}") = "ECP.Registry.Tests", "tests\ECP.Registry.Tests\ECP.Registry.Tests.csproj", "{497D2BE9-8382-4123-BA73-7F3B680E2739}"
EndProject
Project("{FAE04EC0-301F-11D3-BF4B-00C04F79EFBC}") = "ECP.Standard.Tests", "tests\ECP.Standard.Tests\ECP.Standard.Tests.csproj", "{DFE1FF2F-7E2E-489A-BFA6-9D5D29F834AD}"
EndProject
Project("{FAE04EC0-301F-11D3-BF4B-00C04F79EFBC}") = "ECP.Compatibility.Tests", "tests\ECP.Compatibility.Tests\ECP.Compatibility.Tests.csproj", "{745C5796-F28E-4C82-A032-1483DB4845F0}"
EndProject
Project("{FAE04EC0-301F-11D3-BF4B-00C04F79EFBC}") = "ECP.DependencyInjection.Tests", "tests\ECP.DependencyInjection.Tests\ECP.DependencyInjection.Tests.csproj", "{923C0A97-E8D4-48EB-B3EE-ECF6C5805FBF}"
EndProject
Project("{FAE04EC0-301F-11D3-BF4B-00C04F79EFBC}") = "ECP.Transport.Abstractions.Tests", "tests\ECP.Transport.Abstractions.Tests\ECP.Transport.Abstractions.Tests.csproj", "{4ECD3B71-F21C-4327-B828-2604A55B8312}"
EndProject
Project("{FAE04EC0-301F-11D3-BF4B-00C04F79EFBC}") = "ECP.Transport.SignalR.Tests", "tests\ECP.Transport.SignalR.Tests\ECP.Transport.SignalR.Tests.csproj", "{845A3368-E833-4FD6-925A-54A89C6F997F}"
EndProject
Project("{FAE04EC0-301F-11D3-BF4B-00C04F79EFBC}") = "ECP.Transport.WebSocket.Tests", "tests\ECP.Transport.WebSocket.Tests\ECP.Transport.WebSocket.Tests.csproj", "{D1291E9B-5FE5-41F2-9434-6BAA4D577D57}"
EndProject
Project("{FAE04EC0-301F-11D3-BF4B-00C04F79EFBC}") = "ECP.BlackBoxTests", "tests\ECP.BlackBoxTests\ECP.BlackBoxTests.csproj", "{01DFF6A3-2D36-488B-A4DC-078BC7E12BD8}"
EndProject
Project("{2150E333-8FDC-42A3-9474-1A3956D46DE8}") = "benchmarks", "benchmarks", "{B312F74D-4A2B-4ED6-A919-EC60F898527B}"
EndProject
Project("{FAE04EC0-301F-11D3-BF4B-00C04F79EFBC}") = "ECP.Benchmarks", "benchmarks\ECP.Benchmarks\ECP.Benchmarks.csproj", "{D5AFF1B1-12DF-436B-8391-8598990BBD58}"
EndProject
Project("{FAE04EC0-301F-11D3-BF4B-00C04F79EFBC}") = "ECP.PublicBenchmarks", "benchmarks\ECP.PublicBenchmarks\ECP.PublicBenchmarks.csproj", "{DA0523B3-1AF0-4FFA-8F69-59F882FA52C5}"
EndProject
Project("{2150E333-8FDC-42A3-9474-1A3956D46DE8}") = "samples", "samples", "{EDE8194D-44E6-42DD-B0CD-AF28BFF648E9}"
EndProject
Project("{FAE04EC0-301F-11D3-BF4B-00C04F79EFBC}") = "01-UetBasics", "samples\01-UetBasics\01-UetBasics.csproj", "{5D23D670-A35B-48FD-B6F0-8584CD34C121}"
EndProject
Project("{FAE04EC0-301F-11D3-BF4B-00C04F79EFBC}") = "02-EnvelopeSignedRoundtrip", "samples\02-EnvelopeSignedRoundtrip\02-EnvelopeSignedRoundtrip.csproj", "{82BAB0AA-03DF-4A11-8E64-1E0A4E17B08A}"
EndProject
Project("{FAE04EC0-301F-11D3-BF4B-00C04F79EFBC}") = "03-GenericDecodeRouter", "samples\03-GenericDecodeRouter\03-GenericDecodeRouter.csproj", "{A878775F-24BF-4232-BAD2-235384CE0677}"
EndProject
Project("{FAE04EC0-301F-11D3-BF4B-00C04F79EFBC}") = "04-DiAndKeyRing", "samples\04-DiAndKeyRing\04-DiAndKeyRing.csproj", "{B9AE1787-BA19-495C-BBE9-CBBF0ADFBF2D}"
EndProject
Project("{FAE04EC0-301F-11D3-BF4B-00C04F79EFBC}") = "ECP.Sample.Console", "samples\ECP.Sample.Console\ECP.Sample.Console.csproj", "{48A0C040-F417-423F-B23F-58DAD8C76C39}"
EndProject
Project("{FAE04EC0-301F-11D3-BF4B-00C04F79EFBC}") = "ECP.Sample.Minimal", "samples\ECP.Sample.Minimal\ECP.Sample.Minimal.csproj", "{2CEC7724-84E3-4612-9644-C6555D2A2871}"
EndProject
Project("{FAE04EC0-301F-11D3-BF4B-00C04F79EFBC}") = "ECP.Sample.Playground", "samples\ECP.Sample.Playground\ECP.Sample.Playground.csproj", "{5FAFF7F7-1526-4540-8A44-0835534CB9D8}"
EndProject
Project("{FAE04EC0-301F-11D3-BF4B-00C04F79EFBC}") = "ECP.Sample.MultiTenant", "samples\ECP.Sample.MultiTenant\ECP.Sample.MultiTenant.csproj", "{AAE93064-E066-4D21-89AB-8802A1C97451}"
EndProject
Global
	GlobalSection(SolutionConfigurationPlatforms) = preSolution
		Debug|Any CPU = Debug|Any CPU
		Release|Any CPU = Release|Any CPU
	EndGlobalSection
	GlobalSection(SolutionProperties) = preSolution
		HideSolutionNode = FALSE
	EndGlobalSection
	GlobalSection(ProjectConfigurationPlatforms) = postSolution
		{EC0E3EDE-8846-47D0-8B39-35775C93A60C}.Debug|Any CPU.ActiveCfg = Debug|Any CPU
		{EC0E3EDE-8846-47D0-8B39-35775C93A60C}.Debug|Any CPU.Build.0 = Debug|Any CPU
		{EC0E3EDE-8846-47D0-8B39-35775C93A60C}.Release|Any CPU.ActiveCfg = Release|Any CPU
		{EC0E3EDE-8846-47D0-8B39-35775C93A60C}.Release|Any CPU.Build.0 = Release|Any CPU
		{32209963-0C7A-4EA9-B34D-17735B0898DE}.Debug|Any CPU.ActiveCfg = Debug|Any CPU
		{32209963-0C7A-4EA9-B34D-17735B0898DE}.Debug|Any CPU.Build.0 = Debug|Any CPU
		{32209963-0C7A-4EA9-B34D-17735B0898DE}.Release|Any CPU.ActiveCfg = Release|Any CPU
		{32209963-0C7A-4EA9-B34D-17735B0898DE}.Release|Any CPU.Build.0 = Release|Any CPU
		{86C5EBC7-805D-420A-9AD3-C3F00DCA3C37}.Debug|Any CPU.ActiveCfg = Debug|Any CPU
		{86C5EBC7-805D-420A-9AD3-C3F00DCA3C37}.Debug|Any CPU.Build.0 = Debug|Any CPU
		{86C5EBC7-805D-420A-9AD3-C3F00DCA3C37}.Release|Any CPU.ActiveCfg = Release|Any CPU
		{86C5EBC7-805D-420A-9AD3-C3F00DCA3C37}.Release|Any CPU.Build.0 = Release|Any CPU
		{A9A9C3DB-5E1C-4B4B-9CEF-82A184FC6B4A}.Debug|Any CPU.ActiveCfg = Debug|Any CPU
		{A9A9C3DB-5E1C-4B4B-9CEF-82A184FC6B4A}.Debug|Any CPU.Build.0 = Debug|Any CPU
		{A9A9C3DB-5E1C-4B4B-9CEF-82A184FC6B4A}.Release|Any CPU.ActiveCfg = Release|Any CPU
		{A9A9C3DB-5E1C-4B4B-9CEF-82A184FC6B4A}.Release|Any CPU.Build.0 = Release|Any CPU
		{BF4BBAA6-1047-4DB4-A399-9EC624FB0D30}.Debug|Any CPU.ActiveCfg = Debug|Any CPU
		{BF4BBAA6-1047-4DB4-A399-9EC624FB0D30}.Debug|Any CPU.Build.0 = Debug|Any CPU
		{BF4BBAA6-1047-4DB4-A399-9EC624FB0D30}.Release|Any CPU.ActiveCfg = Release|Any CPU
		{BF4BBAA6-1047-4DB4-A399-9EC624FB0D30}.Release|Any CPU.Build.0 = Release|Any CPU
		{494B9EEF-6BFE-4C5E-86B0-51294EF1872F}.Debug|Any CPU.ActiveCfg = Debug|Any CPU
		{494B9EEF-6BFE-4C5E-86B0-51294EF1872F}.Debug|Any CPU.Build.0 = Debug|Any CPU
		{494B9EEF-6BFE-4C5E-86B0-51294EF1872F}.Release|Any CPU.ActiveCfg = Release|Any CPU
		{494B9EEF-6BFE-4C5E-86B0-51294EF1872F}.Release|Any CPU.Build.0 = Release|Any CPU
		{3BFCAF04-DB8D-4685-A2E0-629A26A3333F}.Debug|Any CPU.ActiveCfg = Debug|Any CPU
		{3BFCAF04-DB8D-4685-A2E0-629A26A3333F}.Debug|Any CPU.Build.0 = Debug|Any CPU
		{3BFCAF04-DB8D-4685-A2E0-629A26A3333F}.Release|Any CPU.ActiveCfg = Release|Any CPU
		{3BFCAF04-DB8D-4685-A2E0-629A26A3333F}.Release|Any CPU.Build.0 = Release|Any CPU
		{CD780F2B-51EB-4EC9-9FEF-A855471D91E1}.Debug|Any CPU.ActiveCfg = Debug|Any CPU
		{CD780F2B-51EB-4EC9-9FEF-A855471D91E1}.Debug|Any CPU.Build.0 = Debug|Any CPU
		{CD780F2B-51EB-4EC9-9FEF-A855471D91E1}.Release|Any CPU.ActiveCfg = Release|Any CPU
		{CD780F2B-51EB-4EC9-9FEF-A855471D91E1}.Release|Any CPU.Build.0 = Release|Any CPU
		{C9C0B90F-AE8C-4D0E-914A-7EBFBC9A2EB9}.Debug|Any CPU.ActiveCfg = Debug|Any CPU
		{C9C0B90F-AE8C-4D0E-914A-7EBFBC9A2EB9}.Debug|Any CPU.Build.0 = Debug|Any CPU
		{C9C0B90F-AE8C-4D0E-914A-7EBFBC9A2EB9}.Release|Any CPU.ActiveCfg = Release|Any CPU
		{C9C0B90F-AE8C-4D0E-914A-7EBFBC9A2EB9}.Release|Any CPU.Build.0 = Release|Any CPU
		{AC87B294-9A14-472C-AE1F-2B92667675E7}.Debug|Any CPU.ActiveCfg = Debug|Any CPU
		{AC87B294-9A14-472C-AE1F-2B92667675E7}.Debug|Any CPU.Build.0 = Debug|Any CPU
		{AC87B294-9A14-472C-AE1F-2B92667675E7}.Release|Any CPU.ActiveCfg = Release|Any CPU
		{AC87B294-9A14-472C-AE1F-2B92667675E7}.Release|Any CPU.Build.0 = Release|Any CPU
		{71884B63-D1B3-42C4-A719-C4F030DCD680}.Debug|Any CPU.ActiveCfg = Debug|Any CPU
		{71884B63-D1B3-42C4-A719-C4F030DCD680}.Debug|Any CPU.Build.0 = Debug|Any CPU
		{71884B63-D1B3-42C4-A719-C4F030DCD680}.Release|Any CPU.ActiveCfg = Release|Any CPU
		{71884B63-D1B3-42C4-A719-C4F030DCD680}.Release|Any CPU.Build.0 = Release|Any CPU
		{497D2BE9-8382-4123-BA73-7F3B680E2739}.Debug|Any CPU.ActiveCfg = Debug|Any CPU
		{497D2BE9-8382-4123-BA73-7F3B680E2739}.Debug|Any CPU.Build.0 = Debug|Any CPU
		{497D2BE9-8382-4123-BA73-7F3B680E2739}.Release|Any CPU.ActiveCfg = Release|Any CPU
		{497D2BE9-8382-4123-BA73-7F3B680E2739}.Release|Any CPU.Build.0 = Release|Any CPU
		{DFE1FF2F-7E2E-489A-BFA6-9D5D29F834AD}.Debug|Any CPU.ActiveCfg = Debug|Any CPU
		{DFE1FF2F-7E2E-489A-BFA6-9D5D29F834AD}.Debug|Any CPU.Build.0 = Debug|Any CPU
		{DFE1FF2F-7E2E-489A-BFA6-9D5D29F834AD}.Release|Any CPU.ActiveCfg = Release|Any CPU
		{DFE1FF2F-7E2E-489A-BFA6-9D5D29F834AD}.Release|Any CPU.Build.0 = Release|Any CPU
		{745C5796-F28E-4C82-A032-1483DB4845F0}.Debug|Any CPU.ActiveCfg = Debug|Any CPU
		{745C5796-F28E-4C82-A032-1483DB4845F0}.Debug|Any CPU.Build.0 = Debug|Any CPU
		{745C5796-F28E-4C82-A032-1483DB4845F0}.Release|Any CPU.ActiveCfg = Release|Any CPU
		{745C5796-F28E-4C82-A032-1483DB4845F0}.Release|Any CPU.Build.0 = Release|Any CPU
		{923C0A97-E8D4-48EB-B3EE-ECF6C5805FBF}.Debug|Any CPU.ActiveCfg = Debug|Any CPU
		{923C0A97-E8D4-48EB-B3EE-ECF6C5805FBF}.Debug|Any CPU.Build.0 = Debug|Any CPU
		{923C0A97-E8D4-48EB-B3EE-ECF6C5805FBF}.Release|Any CPU.ActiveCfg = Release|Any CPU
		{923C0A97-E8D4-48EB-B3EE-ECF6C5805FBF}.Release|Any CPU.Build.0 = Release|Any CPU
		{4ECD3B71-F21C-4327-B828-2604A55B8312}.Debug|Any CPU.ActiveCfg = Debug|Any CPU
		{4ECD3B71-F21C-4327-B828-2604A55B8312}.Debug|Any CPU.Build.0 = Debug|Any CPU
		{4ECD3B71-F21C-4327-B828-2604A55B8312}.Release|Any CPU.ActiveCfg = Release|Any CPU
		{4ECD3B71-F21C-4327-B828-2604A55B8312}.Release|Any CPU.Build.0 = Release|Any CPU
		{845A3368-E833-4FD6-925A-54A89C6F997F}.Debug|Any CPU.ActiveCfg = Debug|Any CPU
		{845A3368-E833-4FD6-925A-54A89C6F997F}.Debug|Any CPU.Build.0 = Debug|Any CPU
		{845A3368-E833-4FD6-925A-54A89C6F997F}.Release|Any CPU.ActiveCfg = Release|Any CPU
		{845A3368-E833-4FD6-925A-54A89C6F997F}.Release|Any CPU.Build.0 = Release|Any CPU
		{D1291E9B-5FE5-41F2-9434-6BAA4D577D57}.Debug|Any CPU.ActiveCfg = Debug|Any CPU
		{D1291E9B-5FE5-41F2-9434-6BAA4D577D57}.Debug|Any CPU.Build.0 = Debug|Any CPU
		{D1291E9B-5FE5-41F2-9434-6BAA4D577D57}.Release|Any CPU.ActiveCfg = Release|Any CPU
		{D1291E9B-5FE5-41F2-9434-6BAA4D577D57}.Release|Any CPU.Build.0 = Release|Any CPU
		{01DFF6A3-2D36-488B-A4DC-078BC7E12BD8}.Debug|Any CPU.ActiveCfg = Debug|Any CPU
		{01DFF6A3-2D36-488B-A4DC-078BC7E12BD8}.Debug|Any CPU.Build.0 = Debug|Any CPU
		{01DFF6A3-2D36-488B-A4DC-078BC7E12BD8}.Release|Any CPU.ActiveCfg = Release|Any CPU
		{01DFF6A3-2D36-488B-A4DC-078BC7E12BD8}.Release|Any CPU.Build.0 = Release|Any CPU
		{D5AFF1B1-12DF-436B-8391-8598990BBD58}.Debug|Any CPU.ActiveCfg = Debug|Any CPU
		{D5AFF1B1-12DF-436B-8391-8598990BBD58}.Debug|Any CPU.Build.0 = Debug|Any CPU
		{D5AFF1B1-12DF-436B-8391-8598990BBD58}.Release|Any CPU.ActiveCfg = Release|Any CPU
		{D5AFF1B1-12DF-436B-8391-8598990BBD58}.Release|Any CPU.Build.0 = Release|Any CPU
		{DA0523B3-1AF0-4FFA-8F69-59F882FA52C5}.Debug|Any CPU.ActiveCfg = Debug|Any CPU
		{DA0523B3-1AF0-4FFA-8F69-59F882FA52C5}.Debug|Any CPU.Build.0 = Debug|Any CPU
		{DA0523B3-1AF0-4FFA-8F69-59F882FA52C5}.Release|Any CPU.ActiveCfg = Release|Any CPU
		{DA0523B3-1AF0-4FFA-8F69-59F882FA52C5}.Release|Any CPU.Build.0 = Release|Any CPU
		{5D23D670-A35B-48FD-B6F0-8584CD34C121}.Debug|Any CPU.ActiveCfg = Debug|Any CPU
		{5D23D670-A35B-48FD-B6F0-8584CD34C121}.Debug|Any CPU.Build.0 = Debug|Any CPU
		{5D23D670-A35B-48FD-B6F0-8584CD34C121}.Release|Any CPU.ActiveCfg = Release|Any CPU
		{5D23D670-A35B-48FD-B6F0-8584CD34C121}.Release|Any CPU.Build.0 = Release|Any CPU
		{82BAB0AA-03DF-4A11-8E64-1E0A4E17B08A}.Debug|Any CPU.ActiveCfg = Debug|Any CPU
		{82BAB0AA-03DF-4A11-8E64-1E0A4E17B08A}.Debug|Any CPU.Build.0 = Debug|Any CPU
		{82BAB0AA-03DF-4A11-8E64-1E0A4E17B08A}.Release|Any CPU.ActiveCfg = Release|Any CPU
		{82BAB0AA-03DF-4A11-8E64-1E0A4E17B08A}.Release|Any CPU.Build.0 = Release|Any CPU
		{A878775F-24BF-4232-BAD2-235384CE0677}.Debug|Any CPU.ActiveCfg = Debug|Any CPU
		{A878775F-24BF-4232-BAD2-235384CE0677}.Debug|Any CPU.Build.0 = Debug|Any CPU
		{A878775F-24BF-4232-BAD2-235384CE0677}.Release|Any CPU.ActiveCfg = Release|Any CPU
		{A878775F-24BF-4232-BAD2-235384CE0677}.Release|Any CPU.Build.0 = Release|Any CPU
		{B9AE1787-BA19-495C-BBE9-CBBF0ADFBF2D}.Debug|Any CPU.ActiveCfg = Debug|Any CPU
		{B9AE1787-BA19-495C-BBE9-CBBF0ADFBF2D}.Debug|Any CPU.Build.0 = Debug|Any CPU
		{B9AE1787-BA19-495C-BBE9-CBBF0ADFBF2D}.Release|Any CPU.ActiveCfg = Release|Any CPU
		{B9AE1787-BA19-495C-BBE9-CBBF0ADFBF2D}.Release|Any CPU.Build.0 = Release|Any CPU
		{48A0C040-F417-423F-B23F-58DAD8C76C39}.Debug|Any CPU.ActiveCfg = Debug|Any CPU
		{48A0C040-F417-423F-B23F-58DAD8C76C39}.Debug|Any CPU.Build.0 = Debug|Any CPU
		{48A0C040-F417-423F-B23F-58DAD8C76C39}.Release|Any CPU.ActiveCfg = Release|Any CPU
		{48A0C040-F417-423F-B23F-58DAD8C76C39}.Release|Any CPU.Build.0 = Release|Any CPU
		{2CEC7724-84E3-4612-9644-C6555D2A2871}.Debug|Any CPU.ActiveCfg = Debug|Any CPU
		{2CEC7724-84E3-4612-9644-C6555D2A2871}.Debug|Any CPU.Build.0 = Debug|Any CPU
		{2CEC7724-84E3-4612-9644-C6555D2A2871}.Release|Any CPU.ActiveCfg = Release|Any CPU
		{2CEC7724-84E3-4612-9644-C6555D2A2871}.Release|Any CPU.Build.0 = Release|Any CPU
		{5FAFF7F7-1526-4540-8A44-0835534CB9D8}.Debug|Any CPU.ActiveCfg = Debug|Any CPU
		{5FAFF7F7-1526-4540-8A44-0835534CB9D8}.Debug|Any CPU.Build.0 = Debug|Any CPU
		{5FAFF7F7-1526-4540-8A44-0835534CB9D8}.Release|Any CPU.ActiveCfg = Release|Any CPU
		{5FAFF7F7-1526-4540-8A44-0835534CB9D8}.Release|Any CPU.Build.0 = Release|Any CPU
		{AAE93064-E066-4D21-89AB-8802A1C97451}.Debug|Any CPU.ActiveCfg = Debug|Any CPU
		{AAE93064-E066-4D21-89AB-8802A1C97451}.Debug|Any CPU.Build.0 = Debug|Any CPU
		{AAE93064-E066-4D21-89AB-8802A1C97451}.Release|Any CPU.ActiveCfg = Release|Any CPU
		{AAE93064-E066-4D21-89AB-8802A1C97451}.Release|Any CPU.Build.0 = Release|Any CPU
	EndGlobalSection
	GlobalSection(NestedProjects) = preSolution
		{EC0E3EDE-8846-47D0-8B39-35775C93A60C} = {480234DE-BD69-465E-A401-5A0F2EFA7896}
		{32209963-0C7A-4EA9-B34D-17735B0898DE} = {480234DE-BD69-465E-A401-5A0F2EFA7896}
		{86C5EBC7-805D-420A-9AD3-C3F00DCA3C37} = {480234DE-BD69-465E-A401-5A0F2EFA7896}
		{A9A9C3DB-5E1C-4B4B-9CEF-82A184FC6B4A} = {480234DE-BD69-465E-A401-5A0F2EFA7896}
		{BF4BBAA6-1047-4DB4-A399-9EC624FB0D30} = {480234DE-BD69-465E-A401-5A0F2EFA7896}
		{494B9EEF-6BFE-4C5E-86B0-51294EF1872F} = {480234DE-BD69-465E-A401-5A0F2EFA7896}
		{3BFCAF04-DB8D-4685-A2E0-629A26A3333F} = {480234DE-BD69-465E-A401-5A0F2EFA7896}
		{CD780F2B-51EB-4EC9-9FEF-A855471D91E1} = {480234DE-BD69-465E-A401-5A0F2EFA7896}
		{C9C0B90F-AE8C-4D0E-914A-7EBFBC9A2EB9} = {480234DE-BD69-465E-A401-5A0F2EFA7896}
		{AC87B294-9A14-472C-AE1F-2B92667675E7} = {464216EC-4FCA-4988-B427-9C468D857C17}
		{71884B63-D1B3-42C4-A719-C4F030DCD680} = {464216EC-4FCA-4988-B427-9C468D857C17}
		{497D2BE9-8382-4123-BA73-7F3B680E2739} = {464216EC-4FCA-4988-B427-9C468D857C17}
		{DFE1FF2F-7E2E-489A-BFA6-9D5D29F834AD} = {464216EC-4FCA-4988-B427-9C468D857C17}
		{745C5796-F28E-4C82-A032-1483DB4845F0} = {464216EC-4FCA-4988-B427-9C468D857C17}
		{923C0A97-E8D4-48EB-B3EE-ECF6C5805FBF} = {464216EC-4FCA-4988-B427-9C468D857C17}
		{4ECD3B71-F21C-4327-B828-2604A55B8312} = {464216EC-4FCA-4988-B427-9C468D857C17}
		{845A3368-E833-4FD6-925A-54A89C6F997F} = {464216EC-4FCA-4988-B427-9C468D857C17}
		{D1291E9B-5FE5-41F2-9434-6BAA4D577D57} = {464216EC-4FCA-4988-B427-9C468D857C17}
		{01DFF6A3-2D36-488B-A4DC-078BC7E12BD8} = {464216EC-4FCA-4988-B427-9C468D857C17}
		{D5AFF1B1-12DF-436B-8391-8598990BBD58} = {B312F74D-4A2B-4ED6-A919-EC60F898527B}
		{DA0523B3-1AF0-4FFA-8F69-59F882FA52C5} = {B312F74D-4A2B-4ED6-A919-EC60F898527B}
		{5D23D670-A35B-48FD-B6F0-8584CD34C121} = {EDE8194D-44E6-42DD-B0CD-AF28BFF648E9}
		{82BAB0AA-03DF-4A11-8E64-1E0A4E17B08A} = {EDE8194D-44E6-42DD-B0CD-AF28BFF648E9}
		{A878775F-24BF-4232-BAD2-235384CE0677} = {EDE8194D-44E6-42DD-B0CD-AF28BFF648E9}
		{B9AE1787-BA19-495C-BBE9-CBBF0ADFBF2D} = {EDE8194D-44E6-42DD-B0CD-AF28BFF648E9}
		{48A0C040-F417-423F-B23F-58DAD8C76C39} = {EDE8194D-44E6-42DD-B0CD-AF28BFF648E9}
		{2CEC7724-84E3-4612-9644-C6555D2A2871} = {EDE8194D-44E6-42DD-B0CD-AF28BFF648E9}
		{5FAFF7F7-1526-4540-8A44-0835534CB9D8} = {EDE8194D-44E6-42DD-B0CD-AF28BFF648E9}
		{AAE93064-E066-4D21-89AB-8802A1C97451} = {EDE8194D-44E6-42DD-B0CD-AF28BFF648E9}
	EndGlobalSection
EndGlobal
